
Microsoft Visual Studio Solution File, Format Version 12.00
# Visual Studio Version 17
VisualStudioVersion = 17.9.34728.123
MinimumVisualStudioVersion = 10.0.40219.1
Project("{FAE04EC0-301F-11D3-BF4B-00C04F79EFBC}") = "KotoPlex", "KotoPlex\KotoPlex.csproj", "{B9B1AB4E-A54A-45CD-BA20-5B00D382AE76}"
EndProject
Global
	GlobalSection(SolutionConfigurationPlatforms) = preSolution
		Debug|Any CPU = Debug|Any CPU
		Release|Any CPU = Release|Any CPU
	EndGlobalSection
	GlobalSection(ProjectConfigurationPlatforms) = postSolution
		{B9B1AB4E-A54A-45CD-BA20-5B00D382AE76}.Debug|Any CPU.ActiveCfg = Debug|Any CPU
		{B9B1AB4E-A54A-45CD-BA20-5B00D382AE76}.Debug|Any CPU.Build.0 = Debug|Any CPU
		{B9B1AB4E-A54A-45CD-BA20-5B00D382AE76}.Release|Any CPU.ActiveCfg = Release|Any CPU
		{B9B1AB4E-A54A-45CD-BA20-5B00D382AE76}.Release|Any CPU.Build.0 = Release|Any CPU
	EndGlobalSection
	GlobalSection(SolutionProperties) = preSolution
		HideSolutionNode = FALSE
	EndGlobalSection
	GlobalSection(ExtensibilityGlobals) = postSolution
		SolutionGuid = {2755DC56-5733-4282-A289-782D4A448A8B}
	EndGlobalSection
EndGlobal
